// !$*UTF8*$!
{
	archiveVersion = 1;
	classes = {
	};
	objectVersion = 46;
	objects = {

/* Begin PBXBuildFile section */
		D011D8CA143A128C009C1B68 /* NSArray+SGAdditions.h in Headers */ = {isa = PBXBuildFile; fileRef = D011D8C8143A128C009C1B68 /* NSArray+SGAdditions.h */; settings = {ATTRIBUTES = (Public, ); }; };
		D011D8CB143A128C009C1B68 /* NSArray+SGAdditions.m in Sources */ = {isa = PBXBuildFile; fileRef = D011D8C9143A128C009C1B68 /* NSArray+SGAdditions.m */; };
		D011D8D0143A1C1C009C1B68 /* EMKeychainItem.h in Headers */ = {isa = PBXBuildFile; fileRef = D011D8CE143A1C1C009C1B68 /* EMKeychainItem.h */; settings = {ATTRIBUTES = (Public, ); }; };
		D011D8D1143A1C1C009C1B68 /* EMKeychainItem.m in Sources */ = {isa = PBXBuildFile; fileRef = D011D8CF143A1C1C009C1B68 /* EMKeychainItem.m */; settings = {COMPILER_FLAGS = "-fno-objc-arc"; }; };
		D011D8D3143A1C69009C1B68 /* Carbon.framework in Frameworks */ = {isa = PBXBuildFile; fileRef = D011D8D2143A1C68009C1B68 /* Carbon.framework */; };
		D011D8D5143A1C6E009C1B68 /* Security.framework in Frameworks */ = {isa = PBXBuildFile; fileRef = D011D8D4143A1C6E009C1B68 /* Security.framework */; };
		D011D8E1143A3F27009C1B68 /* NSAlert+SGAdditions.h in Headers */ = {isa = PBXBuildFile; fileRef = D011D8DF143A3F27009C1B68 /* NSAlert+SGAdditions.h */; settings = {ATTRIBUTES = (Public, ); }; };
		D011D8E2143A3F27009C1B68 /* NSAlert+SGAdditions.m in Sources */ = {isa = PBXBuildFile; fileRef = D011D8E0143A3F27009C1B68 /* NSAlert+SGAdditions.m */; settings = {COMPILER_FLAGS = "-fno-objc-arc"; }; };
		D09DF2C41438F8EB00513C9F /* Cocoa.framework in Frameworks */ = {isa = PBXBuildFile; fileRef = D01AE79F14320CD800677EBE /* Cocoa.framework */; };
		D09DF2CA1438F8EB00513C9F /* InfoPlist.strings in Resources */ = {isa = PBXBuildFile; fileRef = D09DF2C81438F8EB00513C9F /* InfoPlist.strings */; };
		D09DF2CE1438F8EB00513C9F /* SecondGearKit.m in Sources */ = {isa = PBXBuildFile; fileRef = D09DF2CD1438F8EB00513C9F /* SecondGearKit.m */; };
		D09DF2D21438F8FD00513C9F /* NSData+Base64.m in Sources */ = {isa = PBXBuildFile; fileRef = D09DF26C1438E2BD00513C9F /* NSData+Base64.m */; };
		D09DF2D31438F8FD00513C9F /* NSData+SGAdditions.m in Sources */ = {isa = PBXBuildFile; fileRef = D09DF26F1438E2BD00513C9F /* NSData+SGAdditions.m */; };
		D09DF2D41438F8FD00513C9F /* NSDate+SGAdditions.m in Sources */ = {isa = PBXBuildFile; fileRef = D09DF2711438E2BD00513C9F /* NSDate+SGAdditions.m */; };
		D09DF2D51438F8FD00513C9F /* NSDictionary+SGAdditions.m in Sources */ = {isa = PBXBuildFile; fileRef = D09DF2731438E2BD00513C9F /* NSDictionary+SGAdditions.m */; };
		D09DF2D61438F8FD00513C9F /* NSMutableString+SGAdditions.m in Sources */ = {isa = PBXBuildFile; fileRef = D09DF2751438E2BD00513C9F /* NSMutableString+SGAdditions.m */; };
		D09DF2D71438F8FD00513C9F /* NSObject+SGAdditions.m in Sources */ = {isa = PBXBuildFile; fileRef = D09DF2771438E2BD00513C9F /* NSObject+SGAdditions.m */; };
		D09DF2D81438F8FD00513C9F /* NSString+SGAdditions.m in Sources */ = {isa = PBXBuildFile; fileRef = D09DF2791438E2BD00513C9F /* NSString+SGAdditions.m */; };
		D09DF2D91438F8FD00513C9F /* NSString+UUID.m in Sources */ = {isa = PBXBuildFile; fileRef = D09DF27B1438E2BD00513C9F /* NSString+UUID.m */; };
		D09DF2DA1438F8FD00513C9F /* NSURL+SGAdditions.m in Sources */ = {isa = PBXBuildFile; fileRef = D09DF27D1438E2BD00513C9F /* NSURL+SGAdditions.m */; };
		D09DF2DC1438F90A00513C9F /* SecondGearKit-Mac.h in Headers */ = {isa = PBXBuildFile; fileRef = D09DF29B1438E43F00513C9F /* SecondGearKit-Mac.h */; settings = {ATTRIBUTES = (Public, ); }; };
		D09DF2DD1438F91700513C9F /* NSData+SGAdditions.h in Headers */ = {isa = PBXBuildFile; fileRef = D09DF26E1438E2BD00513C9F /* NSData+SGAdditions.h */; settings = {ATTRIBUTES = (Public, ); }; };
		D09DF2DE1438F91700513C9F /* NSDate+SGAdditions.h in Headers */ = {isa = PBXBuildFile; fileRef = D09DF2701438E2BD00513C9F /* NSDate+SGAdditions.h */; settings = {ATTRIBUTES = (Public, ); }; };
		D09DF2DF1438F91700513C9F /* NSDictionary+SGAdditions.h in Headers */ = {isa = PBXBuildFile; fileRef = D09DF2721438E2BD00513C9F /* NSDictionary+SGAdditions.h */; settings = {ATTRIBUTES = (Public, ); }; };
		D09DF2E01438F91700513C9F /* NSMutableString+SGAdditions.h in Headers */ = {isa = PBXBuildFile; fileRef = D09DF2741438E2BD00513C9F /* NSMutableString+SGAdditions.h */; settings = {ATTRIBUTES = (Public, ); }; };
		D09DF2E11438F91700513C9F /* NSObject+SGAdditions.h in Headers */ = {isa = PBXBuildFile; fileRef = D09DF2761438E2BD00513C9F /* NSObject+SGAdditions.h */; settings = {ATTRIBUTES = (Public, ); }; };
		D09DF2E21438F91700513C9F /* NSString+SGAdditions.h in Headers */ = {isa = PBXBuildFile; fileRef = D09DF2781438E2BD00513C9F /* NSString+SGAdditions.h */; settings = {ATTRIBUTES = (Public, ); }; };
		D09DF2E31438F91700513C9F /* NSString+UUID.h in Headers */ = {isa = PBXBuildFile; fileRef = D09DF27A1438E2BD00513C9F /* NSString+UUID.h */; settings = {ATTRIBUTES = (Public, ); }; };
		D09DF2E41438F91700513C9F /* NSURL+SGAdditions.h in Headers */ = {isa = PBXBuildFile; fileRef = D09DF27C1438E2BD00513C9F /* NSURL+SGAdditions.h */; settings = {ATTRIBUTES = (Public, ); }; };
		D09DF2EB1438FB7200513C9F /* NSData+Base64.h in Headers */ = {isa = PBXBuildFile; fileRef = D09DF26B1438E2BD00513C9F /* NSData+Base64.h */; settings = {ATTRIBUTES = (Public, ); }; };
/* End PBXBuildFile section */

/* Begin PBXFileReference section */
		D011D8C8143A128C009C1B68 /* NSArray+SGAdditions.h */ = {isa = PBXFileReference; fileEncoding = 4; lastKnownFileType = sourcecode.c.h; path = "NSArray+SGAdditions.h"; sourceTree = "<group>"; };
		D011D8C9143A128C009C1B68 /* NSArray+SGAdditions.m */ = {isa = PBXFileReference; fileEncoding = 4; lastKnownFileType = sourcecode.c.objc; path = "NSArray+SGAdditions.m"; sourceTree = "<group>"; };
		D011D8CE143A1C1C009C1B68 /* EMKeychainItem.h */ = {isa = PBXFileReference; fileEncoding = 4; lastKnownFileType = sourcecode.c.h; path = EMKeychainItem.h; sourceTree = "<group>"; };
		D011D8CF143A1C1C009C1B68 /* EMKeychainItem.m */ = {isa = PBXFileReference; fileEncoding = 4; lastKnownFileType = sourcecode.c.objc; path = EMKeychainItem.m; sourceTree = "<group>"; };
		D011D8D2143A1C68009C1B68 /* Carbon.framework */ = {isa = PBXFileReference; lastKnownFileType = wrapper.framework; name = Carbon.framework; path = System/Library/Frameworks/Carbon.framework; sourceTree = SDKROOT; };
		D011D8D4143A1C6E009C1B68 /* Security.framework */ = {isa = PBXFileReference; lastKnownFileType = wrapper.framework; name = Security.framework; path = System/Library/Frameworks/Security.framework; sourceTree = SDKROOT; };
		D011D8DF143A3F27009C1B68 /* NSAlert+SGAdditions.h */ = {isa = PBXFileReference; fileEncoding = 4; lastKnownFileType = sourcecode.c.h; name = "NSAlert+SGAdditions.h"; path = "AppKit/NSAlert+SGAdditions.h"; sourceTree = "<group>"; };
		D011D8E0143A3F27009C1B68 /* NSAlert+SGAdditions.m */ = {isa = PBXFileReference; fileEncoding = 4; lastKnownFileType = sourcecode.c.objc; name = "NSAlert+SGAdditions.m"; path = "AppKit/NSAlert+SGAdditions.m"; sourceTree = "<group>"; };
		D01AE79F14320CD800677EBE /* Cocoa.framework */ = {isa = PBXFileReference; lastKnownFileType = wrapper.framework; name = Cocoa.framework; path = System/Library/Frameworks/Cocoa.framework; sourceTree = SDKROOT; };
		D01AE7A214320CD800677EBE /* AppKit.framework */ = {isa = PBXFileReference; lastKnownFileType = wrapper.framework; name = AppKit.framework; path = System/Library/Frameworks/AppKit.framework; sourceTree = SDKROOT; };
		D01AE7A314320CD800677EBE /* CoreData.framework */ = {isa = PBXFileReference; lastKnownFileType = wrapper.framework; name = CoreData.framework; path = System/Library/Frameworks/CoreData.framework; sourceTree = SDKROOT; };
		D01AE7A414320CD800677EBE /* Foundation.framework */ = {isa = PBXFileReference; lastKnownFileType = wrapper.framework; name = Foundation.framework; path = System/Library/Frameworks/Foundation.framework; sourceTree = SDKROOT; };
		D09DF26B1438E2BD00513C9F /* NSData+Base64.h */ = {isa = PBXFileReference; fileEncoding = 4; lastKnownFileType = sourcecode.c.h; path = "NSData+Base64.h"; sourceTree = "<group>"; };
		D09DF26C1438E2BD00513C9F /* NSData+Base64.m */ = {isa = PBXFileReference; fileEncoding = 4; lastKnownFileType = sourcecode.c.objc; path = "NSData+Base64.m"; sourceTree = "<group>"; };
		D09DF26E1438E2BD00513C9F /* NSData+SGAdditions.h */ = {isa = PBXFileReference; fileEncoding = 4; lastKnownFileType = sourcecode.c.h; path = "NSData+SGAdditions.h"; sourceTree = "<group>"; };
		D09DF26F1438E2BD00513C9F /* NSData+SGAdditions.m */ = {isa = PBXFileReference; fileEncoding = 4; lastKnownFileType = sourcecode.c.objc; path = "NSData+SGAdditions.m"; sourceTree = "<group>"; };
		D09DF2701438E2BD00513C9F /* NSDate+SGAdditions.h */ = {isa = PBXFileReference; fileEncoding = 4; lastKnownFileType = sourcecode.c.h; path = "NSDate+SGAdditions.h"; sourceTree = "<group>"; };
		D09DF2711438E2BD00513C9F /* NSDate+SGAdditions.m */ = {isa = PBXFileReference; fileEncoding = 4; lastKnownFileType = sourcecode.c.objc; path = "NSDate+SGAdditions.m"; sourceTree = "<group>"; };
		D09DF2721438E2BD00513C9F /* NSDictionary+SGAdditions.h */ = {isa = PBXFileReference; fileEncoding = 4; lastKnownFileType = sourcecode.c.h; path = "NSDictionary+SGAdditions.h"; sourceTree = "<group>"; };
		D09DF2731438E2BD00513C9F /* NSDictionary+SGAdditions.m */ = {isa = PBXFileReference; fileEncoding = 4; lastKnownFileType = sourcecode.c.objc; path = "NSDictionary+SGAdditions.m"; sourceTree = "<group>"; };
		D09DF2741438E2BD00513C9F /* NSMutableString+SGAdditions.h */ = {isa = PBXFileReference; fileEncoding = 4; lastKnownFileType = sourcecode.c.h; path = "NSMutableString+SGAdditions.h"; sourceTree = "<group>"; };
		D09DF2751438E2BD00513C9F /* NSMutableString+SGAdditions.m */ = {isa = PBXFileReference; fileEncoding = 4; lastKnownFileType = sourcecode.c.objc; path = "NSMutableString+SGAdditions.m"; sourceTree = "<group>"; };
		D09DF2761438E2BD00513C9F /* NSObject+SGAdditions.h */ = {isa = PBXFileReference; fileEncoding = 4; lastKnownFileType = sourcecode.c.h; path = "NSObject+SGAdditions.h"; sourceTree = "<group>"; };
		D09DF2771438E2BD00513C9F /* NSObject+SGAdditions.m */ = {isa = PBXFileReference; fileEncoding = 4; lastKnownFileType = sourcecode.c.objc; path = "NSObject+SGAdditions.m"; sourceTree = "<group>"; };
		D09DF2781438E2BD00513C9F /* NSString+SGAdditions.h */ = {isa = PBXFileReference; fileEncoding = 4; lastKnownFileType = sourcecode.c.h; path = "NSString+SGAdditions.h"; sourceTree = "<group>"; };
		D09DF2791438E2BD00513C9F /* NSString+SGAdditions.m */ = {isa = PBXFileReference; fileEncoding = 4; lastKnownFileType = sourcecode.c.objc; path = "NSString+SGAdditions.m"; sourceTree = "<group>"; };
		D09DF27A1438E2BD00513C9F /* NSString+UUID.h */ = {isa = PBXFileReference; fileEncoding = 4; lastKnownFileType = sourcecode.c.h; path = "NSString+UUID.h"; sourceTree = "<group>"; };
		D09DF27B1438E2BD00513C9F /* NSString+UUID.m */ = {isa = PBXFileReference; fileEncoding = 4; lastKnownFileType = sourcecode.c.objc; path = "NSString+UUID.m"; sourceTree = "<group>"; };
		D09DF27C1438E2BD00513C9F /* NSURL+SGAdditions.h */ = {isa = PBXFileReference; fileEncoding = 4; lastKnownFileType = sourcecode.c.h; path = "NSURL+SGAdditions.h"; sourceTree = "<group>"; };
		D09DF27D1438E2BD00513C9F /* NSURL+SGAdditions.m */ = {isa = PBXFileReference; fileEncoding = 4; lastKnownFileType = sourcecode.c.objc; path = "NSURL+SGAdditions.m"; sourceTree = "<group>"; };
		D09DF2941438E41200513C9F /* SecondGearKit-Mac-Prefix.pch */ = {isa = PBXFileReference; lastKnownFileType = sourcecode.c.h; path = "SecondGearKit-Mac-Prefix.pch"; sourceTree = "<group>"; };
		D09DF29B1438E43F00513C9F /* SecondGearKit-Mac.h */ = {isa = PBXFileReference; fileEncoding = 4; lastKnownFileType = sourcecode.c.h; path = "SecondGearKit-Mac.h"; sourceTree = "<group>"; };
		D09DF2C31438F8EB00513C9F /* SecondGearKit.framework */ = {isa = PBXFileReference; explicitFileType = wrapper.framework; includeInIndex = 0; path = SecondGearKit.framework; sourceTree = BUILT_PRODUCTS_DIR; };
		D09DF2C71438F8EB00513C9F /* SecondGearKit-Info.plist */ = {isa = PBXFileReference; lastKnownFileType = text.plist.xml; path = "SecondGearKit-Info.plist"; sourceTree = "<group>"; };
		D09DF2C91438F8EB00513C9F /* en */ = {isa = PBXFileReference; lastKnownFileType = text.plist.strings; name = en; path = en.lproj/InfoPlist.strings; sourceTree = "<group>"; };
		D09DF2CB1438F8EB00513C9F /* SecondGearKit-Prefix.pch */ = {isa = PBXFileReference; lastKnownFileType = sourcecode.c.h; path = "SecondGearKit-Prefix.pch"; sourceTree = "<group>"; };
		D09DF2CC1438F8EB00513C9F /* SecondGearKit.h */ = {isa = PBXFileReference; lastKnownFileType = sourcecode.c.h; path = SecondGearKit.h; sourceTree = "<group>"; };
		D09DF2CD1438F8EB00513C9F /* SecondGearKit.m */ = {isa = PBXFileReference; lastKnownFileType = sourcecode.c.objc; path = SecondGearKit.m; sourceTree = "<group>"; };
/* End PBXFileReference section */

/* Begin PBXFrameworksBuildPhase section */
		D09DF2BF1438F8EB00513C9F /* Frameworks */ = {
			isa = PBXFrameworksBuildPhase;
			buildActionMask = 2147483647;
			files = (
				D011D8D5143A1C6E009C1B68 /* Security.framework in Frameworks */,
				D011D8D3143A1C69009C1B68 /* Carbon.framework in Frameworks */,
				D09DF2C41438F8EB00513C9F /* Cocoa.framework in Frameworks */,
			);
			runOnlyForDeploymentPostprocessing = 0;
		};
/* End PBXFrameworksBuildPhase section */

/* Begin PBXGroup section */
		D011D8CD143A1C1C009C1B68 /* EMKeychain */ = {
			isa = PBXGroup;
			children = (
				D011D8CE143A1C1C009C1B68 /* EMKeychainItem.h */,
				D011D8CF143A1C1C009C1B68 /* EMKeychainItem.m */,
			);
			path = EMKeychain;
			sourceTree = "<group>";
		};
		D011D8DE143A3F12009C1B68 /* AppKit */ = {
			isa = PBXGroup;
			children = (
				D011D8DF143A3F27009C1B68 /* NSAlert+SGAdditions.h */,
				D011D8E0143A3F27009C1B68 /* NSAlert+SGAdditions.m */,
			);
			name = AppKit;
			sourceTree = "<group>";
		};
		D01AE79014320CD800677EBE = {
			isa = PBXGroup;
			children = (
				D09DF29B1438E43F00513C9F /* SecondGearKit-Mac.h */,
				D011D8DE143A3F12009C1B68 /* AppKit */,
				D09DF26A1438E2BD00513C9F /* External */,
				D09DF26D1438E2BD00513C9F /* Foundation */,
				D09DF2921438E41200513C9F /* SecondGearKit-Mac */,
				D09DF2C51438F8EB00513C9F /* SecondGearKit */,
				D01AE79E14320CD800677EBE /* Frameworks */,
				D01AE79C14320CD800677EBE /* Products */,
			);
			sourceTree = "<group>";
		};
		D01AE79C14320CD800677EBE /* Products */ = {
			isa = PBXGroup;
			children = (
				D09DF2C31438F8EB00513C9F /* SecondGearKit.framework */,
			);
			name = Products;
			sourceTree = "<group>";
		};
		D01AE79E14320CD800677EBE /* Frameworks */ = {
			isa = PBXGroup;
			children = (
				D011D8D4143A1C6E009C1B68 /* Security.framework */,
				D011D8D2143A1C68009C1B68 /* Carbon.framework */,
				D01AE79F14320CD800677EBE /* Cocoa.framework */,
				D01AE7A114320CD800677EBE /* Other Frameworks */,
			);
			name = Frameworks;
			sourceTree = "<group>";
		};
		D01AE7A114320CD800677EBE /* Other Frameworks */ = {
			isa = PBXGroup;
			children = (
				D01AE7A214320CD800677EBE /* AppKit.framework */,
				D01AE7A314320CD800677EBE /* CoreData.framework */,
				D01AE7A414320CD800677EBE /* Foundation.framework */,
			);
			name = "Other Frameworks";
			sourceTree = "<group>";
		};
		D09DF26A1438E2BD00513C9F /* External */ = {
			isa = PBXGroup;
			children = (
				D011D8CD143A1C1C009C1B68 /* EMKeychain */,
				D09DF26B1438E2BD00513C9F /* NSData+Base64.h */,
				D09DF26C1438E2BD00513C9F /* NSData+Base64.m */,
			);
			path = External;
			sourceTree = "<group>";
		};
		D09DF26D1438E2BD00513C9F /* Foundation */ = {
			isa = PBXGroup;
			children = (
				D09DF26E1438E2BD00513C9F /* NSData+SGAdditions.h */,
				D09DF26F1438E2BD00513C9F /* NSData+SGAdditions.m */,
				D09DF2701438E2BD00513C9F /* NSDate+SGAdditions.h */,
				D09DF2711438E2BD00513C9F /* NSDate+SGAdditions.m */,
				D09DF2721438E2BD00513C9F /* NSDictionary+SGAdditions.h */,
				D09DF2731438E2BD00513C9F /* NSDictionary+SGAdditions.m */,
				D09DF2741438E2BD00513C9F /* NSMutableString+SGAdditions.h */,
				D09DF2751438E2BD00513C9F /* NSMutableString+SGAdditions.m */,
				D09DF2761438E2BD00513C9F /* NSObject+SGAdditions.h */,
				D09DF2771438E2BD00513C9F /* NSObject+SGAdditions.m */,
				D09DF2781438E2BD00513C9F /* NSString+SGAdditions.h */,
				D09DF2791438E2BD00513C9F /* NSString+SGAdditions.m */,
				D09DF27A1438E2BD00513C9F /* NSString+UUID.h */,
				D09DF27B1438E2BD00513C9F /* NSString+UUID.m */,
				D09DF27C1438E2BD00513C9F /* NSURL+SGAdditions.h */,
				D09DF27D1438E2BD00513C9F /* NSURL+SGAdditions.m */,
				D011D8C8143A128C009C1B68 /* NSArray+SGAdditions.h */,
				D011D8C9143A128C009C1B68 /* NSArray+SGAdditions.m */,
			);
			path = Foundation;
			sourceTree = "<group>";
		};
		D09DF2921438E41200513C9F /* SecondGearKit-Mac */ = {
			isa = PBXGroup;
			children = (
				D09DF2931438E41200513C9F /* Supporting Files */,
			);
			path = "SecondGearKit-Mac";
			sourceTree = "<group>";
		};
		D09DF2931438E41200513C9F /* Supporting Files */ = {
			isa = PBXGroup;
			children = (
				D09DF2941438E41200513C9F /* SecondGearKit-Mac-Prefix.pch */,
			);
			name = "Supporting Files";
			sourceTree = "<group>";
		};
		D09DF2C51438F8EB00513C9F /* SecondGearKit */ = {
			isa = PBXGroup;
			children = (
				D09DF2CC1438F8EB00513C9F /* SecondGearKit.h */,
				D09DF2CD1438F8EB00513C9F /* SecondGearKit.m */,
				D09DF2C61438F8EB00513C9F /* Supporting Files */,
			);
			path = SecondGearKit;
			sourceTree = "<group>";
		};
		D09DF2C61438F8EB00513C9F /* Supporting Files */ = {
			isa = PBXGroup;
			children = (
				D09DF2C71438F8EB00513C9F /* SecondGearKit-Info.plist */,
				D09DF2C81438F8EB00513C9F /* InfoPlist.strings */,
				D09DF2CB1438F8EB00513C9F /* SecondGearKit-Prefix.pch */,
			);
			name = "Supporting Files";
			sourceTree = "<group>";
		};
/* End PBXGroup section */

/* Begin PBXHeadersBuildPhase section */
		D09DF2C01438F8EB00513C9F /* Headers */ = {
			isa = PBXHeadersBuildPhase;
			buildActionMask = 2147483647;
			files = (
				D09DF2DC1438F90A00513C9F /* SecondGearKit-Mac.h in Headers */,
				D09DF2DD1438F91700513C9F /* NSData+SGAdditions.h in Headers */,
				D09DF2DE1438F91700513C9F /* NSDate+SGAdditions.h in Headers */,
				D09DF2DF1438F91700513C9F /* NSDictionary+SGAdditions.h in Headers */,
				D09DF2E01438F91700513C9F /* NSMutableString+SGAdditions.h in Headers */,
				D09DF2E11438F91700513C9F /* NSObject+SGAdditions.h in Headers */,
				D09DF2E21438F91700513C9F /* NSString+SGAdditions.h in Headers */,
				D09DF2E31438F91700513C9F /* NSString+UUID.h in Headers */,
				D09DF2E41438F91700513C9F /* NSURL+SGAdditions.h in Headers */,
				D09DF2EB1438FB7200513C9F /* NSData+Base64.h in Headers */,
				D011D8CA143A128C009C1B68 /* NSArray+SGAdditions.h in Headers */,
				D011D8D0143A1C1C009C1B68 /* EMKeychainItem.h in Headers */,
				D011D8E1143A3F27009C1B68 /* NSAlert+SGAdditions.h in Headers */,
			);
			runOnlyForDeploymentPostprocessing = 0;
		};
/* End PBXHeadersBuildPhase section */

/* Begin PBXNativeTarget section */
		D09DF2C21438F8EB00513C9F /* SecondGearKit */ = {
			isa = PBXNativeTarget;
			buildConfigurationList = D09DF2CF1438F8EB00513C9F /* Build configuration list for PBXNativeTarget "SecondGearKit" */;
			buildPhases = (
				D09DF2BE1438F8EB00513C9F /* Sources */,
				D09DF2BF1438F8EB00513C9F /* Frameworks */,
				D09DF2C01438F8EB00513C9F /* Headers */,
				D09DF2C11438F8EB00513C9F /* Resources */,
			);
			buildRules = (
			);
			dependencies = (
			);
			name = SecondGearKit;
			productName = SecondGearKit;
			productReference = D09DF2C31438F8EB00513C9F /* SecondGearKit.framework */;
			productType = "com.apple.product-type.framework";
		};
/* End PBXNativeTarget section */

/* Begin PBXProject section */
		D01AE79214320CD800677EBE /* Project object */ = {
			isa = PBXProject;
			attributes = {
				LastUpgradeCheck = 0450;
				ORGANIZATIONNAME = "Second Gear";
			};
			buildConfigurationList = D01AE79514320CD800677EBE /* Build configuration list for PBXProject "SecondGearKit" */;
			compatibilityVersion = "Xcode 3.2";
			developmentRegion = English;
			hasScannedForEncodings = 0;
			knownRegions = (
				en,
			);
			mainGroup = D01AE79014320CD800677EBE;
			productRefGroup = D01AE79C14320CD800677EBE /* Products */;
			projectDirPath = "";
			projectRoot = "";
			targets = (
				D09DF2C21438F8EB00513C9F /* SecondGearKit */,
			);
		};
/* End PBXProject section */

/* Begin PBXResourcesBuildPhase section */
		D09DF2C11438F8EB00513C9F /* Resources */ = {
			isa = PBXResourcesBuildPhase;
			buildActionMask = 2147483647;
			files = (
				D09DF2CA1438F8EB00513C9F /* InfoPlist.strings in Resources */,
			);
			runOnlyForDeploymentPostprocessing = 0;
		};
/* End PBXResourcesBuildPhase section */

/* Begin PBXSourcesBuildPhase section */
		D09DF2BE1438F8EB00513C9F /* Sources */ = {
			isa = PBXSourcesBuildPhase;
			buildActionMask = 2147483647;
			files = (
				D09DF2CE1438F8EB00513C9F /* SecondGearKit.m in Sources */,
				D09DF2D21438F8FD00513C9F /* NSData+Base64.m in Sources */,
				D09DF2D31438F8FD00513C9F /* NSData+SGAdditions.m in Sources */,
				D09DF2D41438F8FD00513C9F /* NSDate+SGAdditions.m in Sources */,
				D09DF2D51438F8FD00513C9F /* NSDictionary+SGAdditions.m in Sources */,
				D09DF2D61438F8FD00513C9F /* NSMutableString+SGAdditions.m in Sources */,
				D09DF2D71438F8FD00513C9F /* NSObject+SGAdditions.m in Sources */,
				D09DF2D81438F8FD00513C9F /* NSString+SGAdditions.m in Sources */,
				D09DF2D91438F8FD00513C9F /* NSString+UUID.m in Sources */,
				D09DF2DA1438F8FD00513C9F /* NSURL+SGAdditions.m in Sources */,
				D011D8CB143A128C009C1B68 /* NSArray+SGAdditions.m in Sources */,
				D011D8D1143A1C1C009C1B68 /* EMKeychainItem.m in Sources */,
				D011D8E2143A3F27009C1B68 /* NSAlert+SGAdditions.m in Sources */,
			);
			runOnlyForDeploymentPostprocessing = 0;
		};
/* End PBXSourcesBuildPhase section */

/* Begin PBXVariantGroup section */
		D09DF2C81438F8EB00513C9F /* InfoPlist.strings */ = {
			isa = PBXVariantGroup;
			children = (
				D09DF2C91438F8EB00513C9F /* en */,
			);
			name = InfoPlist.strings;
			sourceTree = "<group>";
		};
/* End PBXVariantGroup section */

/* Begin XCBuildConfiguration section */
		D01AE7B714320CD800677EBE /* Debug */ = {
			isa = XCBuildConfiguration;
			buildSettings = {
				ALWAYS_SEARCH_USER_PATHS = NO;
				ARCHS = "$(ARCHS_STANDARD_64_BIT)";
				CLANG_ENABLE_OBJC_ARC = YES;
				COPY_PHASE_STRIP = NO;
				GCC_C_LANGUAGE_STANDARD = gnu99;
				GCC_DYNAMIC_NO_PIC = NO;
				GCC_ENABLE_OBJC_EXCEPTIONS = YES;
				GCC_OPTIMIZATION_LEVEL = 0;
				GCC_PREPROCESSOR_DEFINITIONS = (
					"DEBUG=1",
					"$(inherited)",
				);
				GCC_SYMBOLS_PRIVATE_EXTERN = NO;
				GCC_VERSION = com.apple.compilers.llvm.clang.1_0;
				GCC_WARN_64_TO_32_BIT_CONVERSION = YES;
				GCC_WARN_ABOUT_MISSING_PROTOTYPES = YES;
				GCC_WARN_ABOUT_RETURN_TYPE = YES;
				GCC_WARN_UNUSED_VARIABLE = YES;
				MACOSX_DEPLOYMENT_TARGET = 10.7;
				ONLY_ACTIVE_ARCH = YES;
				SDKROOT = macosx;
			};
			name = Debug;
		};
		D01AE7B814320CD800677EBE /* Release */ = {
			isa = XCBuildConfiguration;
			buildSettings = {
				ALWAYS_SEARCH_USER_PATHS = NO;
				ARCHS = "$(ARCHS_STANDARD_64_BIT)";
				CLANG_ENABLE_OBJC_ARC = YES;
				COPY_PHASE_STRIP = YES;
				DEBUG_INFORMATION_FORMAT = "dwarf-with-dsym";
				GCC_C_LANGUAGE_STANDARD = gnu99;
				GCC_ENABLE_OBJC_EXCEPTIONS = YES;
				GCC_VERSION = com.apple.compilers.llvm.clang.1_0;
				GCC_WARN_64_TO_32_BIT_CONVERSION = YES;
				GCC_WARN_ABOUT_MISSING_PROTOTYPES = YES;
				GCC_WARN_ABOUT_RETURN_TYPE = YES;
				GCC_WARN_UNUSED_VARIABLE = YES;
				MACOSX_DEPLOYMENT_TARGET = 10.7;
				SDKROOT = macosx;
			};
			name = Release;
		};
		D09DF2D01438F8EB00513C9F /* Debug */ = {
			isa = XCBuildConfiguration;
			buildSettings = {
				CLANG_ENABLE_OBJC_ARC = YES;
				CODE_SIGN_IDENTITY = "";
				COMBINE_HIDPI_IMAGES = YES;
				DYLIB_COMPATIBILITY_VERSION = 1;
				DYLIB_CURRENT_VERSION = 1;
				FRAMEWORK_VERSION = A;
				GCC_PRECOMPILE_PREFIX_HEADER = YES;
				GCC_PREFIX_HEADER = "SecondGearKit/SecondGearKit-Prefix.pch";
				INFOPLIST_FILE = "SecondGearKit/SecondGearKit-Info.plist";
				INSTALL_PATH = "@executable_path/../Frameworks";
				PRODUCT_NAME = "$(TARGET_NAME)";
				SKIP_INSTALL = YES;
				VALID_ARCHS = x86_64;
				WRAPPER_EXTENSION = framework;
			};
			name = Debug;
		};
		D09DF2D11438F8EB00513C9F /* Release */ = {
			isa = XCBuildConfiguration;
			buildSettings = {
				CLANG_ENABLE_OBJC_ARC = YES;
				CODE_SIGN_IDENTITY = "";
				COMBINE_HIDPI_IMAGES = YES;
				DYLIB_COMPATIBILITY_VERSION = 1;
				DYLIB_CURRENT_VERSION = 1;
				FRAMEWORK_VERSION = A;
				GCC_PRECOMPILE_PREFIX_HEADER = YES;
				GCC_PREFIX_HEADER = "SecondGearKit/SecondGearKit-Prefix.pch";
				INFOPLIST_FILE = "SecondGearKit/SecondGearKit-Info.plist";
				INSTALL_PATH = "@executable_path/../Frameworks";
				PRODUCT_NAME = "$(TARGET_NAME)";
				SKIP_INSTALL = YES;
				VALID_ARCHS = x86_64;
				WRAPPER_EXTENSION = framework;
			};
			name = Release;
		};
/* End XCBuildConfiguration section */

/* Begin XCConfigurationList section */
		D01AE79514320CD800677EBE /* Build configuration list for PBXProject "SecondGearKit" */ = {
			isa = XCConfigurationList;
			buildConfigurations = (
				D01AE7B714320CD800677EBE /* Debug */,
				D01AE7B814320CD800677EBE /* Release */,
			);
			defaultConfigurationIsVisible = 0;
			defaultConfigurationName = Release;
		};
		D09DF2CF1438F8EB00513C9F /* Build configuration list for PBXNativeTarget "SecondGearKit" */ = {
			isa = XCConfigurationList;
			buildConfigurations = (
				D09DF2D01438F8EB00513C9F /* Debug */,
				D09DF2D11438F8EB00513C9F /* Release */,
			);
			defaultConfigurationIsVisible = 0;
			defaultConfigurationName = Release;
		};
/* End XCConfigurationList section */
	};
	rootObject = D01AE79214320CD800677EBE /* Project object */;
}
